{
  "lockfileVersion": 1,
  "configVersion": 0,
  "workspaces": {
    "": {
      "name": "flashauth",
      "dependencies": {
        "@noble/ciphers": "^2.1.1",
        "@simplewebauthn/server": "^13.2.2",
        "otplib": "^12.0.1",
        "postgres": "^3.4.7",
      },
      "devDependencies": {
        "@types/bun": "^1.3.4",
        "@types/node": "^20.10.0",
        "typescript": "^5.3.3",
      },
      "peerDependencies": {
        "elysia": "^1.4.18",
      },
    },
  },
  "packages": {
    "@borewit/text-codec": ["@borewit/text-codec@0.1.1", "", {}, "sha512-5L/uBxmjaCIX5h8Z+uu+kA9BQLkc/Wl06UGR5ajNRxu+/XjonB5i8JpgFMrPj3LXTCPA0pv8yxUvbUi+QthGGA=="],

    "@hexagon/base64": ["@hexagon/base64@1.1.28", "", {}, "sha512-lhqDEAvWixy3bZ+UOYbPwUbBkwBq5C1LAJ/xPC8Oi+lL54oyakv/npbA0aU2hgCsx/1NUd4IBvV03+aUBWxerw=="],

    "@levischuck/tiny-cbor": ["@levischuck/tiny-cbor@0.2.11", "", {}, "sha512-llBRm4dT4Z89aRsm6u2oEZ8tfwL/2l6BwpZ7JcyieouniDECM5AqNgr/y08zalEIvW3RSK4upYyybDcmjXqAow=="],

    "@noble/ciphers": ["@noble/ciphers@2.1.1", "", {}, "sha512-bysYuiVfhxNJuldNXlFEitTVdNnYUc+XNJZd7Qm2a5j1vZHgY+fazadNFWFaMK/2vye0JVlxV3gHmC0WDfAOQw=="],

    "@otplib/core": ["@otplib/core@12.0.1", "", {}, "sha512-4sGntwbA/AC+SbPhbsziRiD+jNDdIzsZ3JUyfZwjtKyc/wufl1pnSIaG4Uqx8ymPagujub0o92kgBnB89cuAMA=="],

    "@otplib/plugin-crypto": ["@otplib/plugin-crypto@12.0.1", "", { "dependencies": { "@otplib/core": "^12.0.1" } }, "sha512-qPuhN3QrT7ZZLcLCyKOSNhuijUi9G5guMRVrxq63r9YNOxxQjPm59gVxLM+7xGnHnM6cimY57tuKsjK7y9LM1g=="],

    "@otplib/plugin-thirty-two": ["@otplib/plugin-thirty-two@12.0.1", "", { "dependencies": { "@otplib/core": "^12.0.1", "thirty-two": "^1.0.2" } }, "sha512-MtT+uqRso909UkbrrYpJ6XFjj9D+x2Py7KjTO9JDPhL0bJUYVu5kFP4TFZW4NFAywrAtFRxOVY261u0qwb93gA=="],

    "@otplib/preset-default": ["@otplib/preset-default@12.0.1", "", { "dependencies": { "@otplib/core": "^12.0.1", "@otplib/plugin-crypto": "^12.0.1", "@otplib/plugin-thirty-two": "^12.0.1" } }, "sha512-xf1v9oOJRyXfluBhMdpOkr+bsE+Irt+0D5uHtvg6x1eosfmHCsCC6ej/m7FXiWqdo0+ZUI6xSKDhJwc8yfiOPQ=="],

    "@otplib/preset-v11": ["@otplib/preset-v11@12.0.1", "", { "dependencies": { "@otplib/core": "^12.0.1", "@otplib/plugin-crypto": "^12.0.1", "@otplib/plugin-thirty-two": "^12.0.1" } }, "sha512-9hSetMI7ECqbFiKICrNa4w70deTUfArtwXykPUvSHWOdzOlfa9ajglu7mNCntlvxycTiOAXkQGwjQCzzDEMRMg=="],

    "@peculiar/asn1-android": ["@peculiar/asn1-android@2.6.0", "", { "dependencies": { "@peculiar/asn1-schema": "^2.6.0", "asn1js": "^3.0.6", "tslib": "^2.8.1" } }, "sha512-cBRCKtYPF7vJGN76/yG8VbxRcHLPF3HnkoHhKOZeHpoVtbMYfY9ROKtH3DtYUY9m8uI1Mh47PRhHf2hSK3xcSQ=="],

    "@peculiar/asn1-cms": ["@peculiar/asn1-cms@2.6.0", "", { "dependencies": { "@peculiar/asn1-schema": "^2.6.0", "@peculiar/asn1-x509": "^2.6.0", "@peculiar/asn1-x509-attr": "^2.6.0", "asn1js": "^3.0.6", "tslib": "^2.8.1" } }, "sha512-2uZqP+ggSncESeUF/9Su8rWqGclEfEiz1SyU02WX5fUONFfkjzS2Z/F1Li0ofSmf4JqYXIOdCAZqIXAIBAT1OA=="],

    "@peculiar/asn1-csr": ["@peculiar/asn1-csr@2.6.0", "", { "dependencies": { "@peculiar/asn1-schema": "^2.6.0", "@peculiar/asn1-x509": "^2.6.0", "asn1js": "^3.0.6", "tslib": "^2.8.1" } }, "sha512-BeWIu5VpTIhfRysfEp73SGbwjjoLL/JWXhJ/9mo4vXnz3tRGm+NGm3KNcRzQ9VMVqwYS2RHlolz21svzRXIHPQ=="],

    "@peculiar/asn1-ecc": ["@peculiar/asn1-ecc@2.6.0", "", { "dependencies": { "@peculiar/asn1-schema": "^2.6.0", "@peculiar/asn1-x509": "^2.6.0", "asn1js": "^3.0.6", "tslib": "^2.8.1" } }, "sha512-FF3LMGq6SfAOwUG2sKpPXblibn6XnEIKa+SryvUl5Pik+WR9rmRA3OCiwz8R3lVXnYnyRkSZsSLdml8H3UiOcw=="],

    "@peculiar/asn1-pfx": ["@peculiar/asn1-pfx@2.6.0", "", { "dependencies": { "@peculiar/asn1-cms": "^2.6.0", "@peculiar/asn1-pkcs8": "^2.6.0", "@peculiar/asn1-rsa": "^2.6.0", "@peculiar/asn1-schema": "^2.6.0", "asn1js": "^3.0.6", "tslib": "^2.8.1" } }, "sha512-rtUvtf+tyKGgokHHmZzeUojRZJYPxoD/jaN1+VAB4kKR7tXrnDCA/RAWXAIhMJJC+7W27IIRGe9djvxKgsldCQ=="],

    "@peculiar/asn1-pkcs8": ["@peculiar/asn1-pkcs8@2.6.0", "", { "dependencies": { "@peculiar/asn1-schema": "^2.6.0", "@peculiar/asn1-x509": "^2.6.0", "asn1js": "^3.0.6", "tslib": "^2.8.1" } }, "sha512-KyQ4D8G/NrS7Fw3XCJrngxmjwO/3htnA0lL9gDICvEQ+GJ+EPFqldcJQTwPIdvx98Tua+WjkdKHSC0/Km7T+lA=="],

    "@peculiar/asn1-pkcs9": ["@peculiar/asn1-pkcs9@2.6.0", "", { "dependencies": { "@peculiar/asn1-cms": "^2.6.0", "@peculiar/asn1-pfx": "^2.6.0", "@peculiar/asn1-pkcs8": "^2.6.0", "@peculiar/asn1-schema": "^2.6.0", "@peculiar/asn1-x509": "^2.6.0", "@peculiar/asn1-x509-attr": "^2.6.0", "asn1js": "^3.0.6", "tslib": "^2.8.1" } }, "sha512-b78OQ6OciW0aqZxdzliXGYHASeCvvw5caqidbpQRYW2mBtXIX2WhofNXTEe7NyxTb0P6J62kAAWLwn0HuMF1Fw=="],

    "@peculiar/asn1-rsa": ["@peculiar/asn1-rsa@2.6.0", "", { "dependencies": { "@peculiar/asn1-schema": "^2.6.0", "@peculiar/asn1-x509": "^2.6.0", "asn1js": "^3.0.6", "tslib": "^2.8.1" } }, "sha512-Nu4C19tsrTsCp9fDrH+sdcOKoVfdfoQQ7S3VqjJU6vedR7tY3RLkQ5oguOIB3zFW33USDUuYZnPEQYySlgha4w=="],

    "@peculiar/asn1-schema": ["@peculiar/asn1-schema@2.6.0", "", { "dependencies": { "asn1js": "^3.0.6", "pvtsutils": "^1.3.6", "tslib": "^2.8.1" } }, "sha512-xNLYLBFTBKkCzEZIw842BxytQQATQv+lDTCEMZ8C196iJcJJMBUZxrhSTxLaohMyKK8QlzRNTRkUmanucnDSqg=="],

    "@peculiar/asn1-x509": ["@peculiar/asn1-x509@2.6.0", "", { "dependencies": { "@peculiar/asn1-schema": "^2.6.0", "asn1js": "^3.0.6", "pvtsutils": "^1.3.6", "tslib": "^2.8.1" } }, "sha512-uzYbPEpoQiBoTq0/+jZtpM6Gq6zADBx+JNFP3yqRgziWBxQ/Dt/HcuvRfm9zJTPdRcBqPNdaRHTVwpyiq6iNMA=="],

    "@peculiar/asn1-x509-attr": ["@peculiar/asn1-x509-attr@2.6.0", "", { "dependencies": { "@peculiar/asn1-schema": "^2.6.0", "@peculiar/asn1-x509": "^2.6.0", "asn1js": "^3.0.6", "tslib": "^2.8.1" } }, "sha512-MuIAXFX3/dc8gmoZBkwJWxUWOSvG4MMDntXhrOZpJVMkYX+MYc/rUAU2uJOved9iJEoiUx7//3D8oG83a78UJA=="],

    "@peculiar/x509": ["@peculiar/x509@1.14.2", "", { "dependencies": { "@peculiar/asn1-cms": "^2.6.0", "@peculiar/asn1-csr": "^2.6.0", "@peculiar/asn1-ecc": "^2.6.0", "@peculiar/asn1-pkcs9": "^2.6.0", "@peculiar/asn1-rsa": "^2.6.0", "@peculiar/asn1-schema": "^2.6.0", "@peculiar/asn1-x509": "^2.6.0", "pvtsutils": "^1.3.6", "reflect-metadata": "^0.2.2", "tslib": "^2.8.1", "tsyringe": "^4.10.0" } }, "sha512-r2w1Hg6pODDs0zfAKHkSS5HLkOLSeburtcgwvlLLWWCixw+MmW3U6kD5ddyvc2Y2YdbGuVwCF2S2ASoU1cFAag=="],

    "@simplewebauthn/server": ["@simplewebauthn/server@13.2.2", "", { "dependencies": { "@hexagon/base64": "^1.1.27", "@levischuck/tiny-cbor": "^0.2.2", "@peculiar/asn1-android": "^2.3.10", "@peculiar/asn1-ecc": "^2.3.8", "@peculiar/asn1-rsa": "^2.3.8", "@peculiar/asn1-schema": "^2.3.8", "@peculiar/asn1-x509": "^2.3.8", "@peculiar/x509": "^1.13.0" } }, "sha512-HcWLW28yTMGXpwE9VLx9J+N2KEUaELadLrkPEEI9tpI5la70xNEVEsu/C+m3u7uoq4FulLqZQhgBCzR9IZhFpA=="],

    "@sinclair/typebox": ["@sinclair/typebox@0.34.41", "", {}, "sha512-6gS8pZzSXdyRHTIqoqSVknxolr1kzfy4/CeDnrzsVz8TTIWUbOBr6gnzOmTYJ3eXQNh4IYHIGi5aIL7sOZ2G/g=="],

    "@tokenizer/inflate": ["@tokenizer/inflate@0.4.1", "", { "dependencies": { "debug": "^4.4.3", "token-types": "^6.1.1" } }, "sha512-2mAv+8pkG6GIZiF1kNg1jAjh27IDxEPKwdGul3snfztFerfPGI1LjDezZp3i7BElXompqEtPmoPx6c2wgtWsOA=="],

    "@tokenizer/token": ["@tokenizer/token@0.3.0", "", {}, "sha512-OvjF+z51L3ov0OyAU0duzsYuvO01PH7x4t6DJx+guahgTnBHkhJdG7soQeTSFLWN3efnHyibZ4Z8l2EuWwJN3A=="],

    "@types/bun": ["@types/bun@1.3.4", "", { "dependencies": { "bun-types": "1.3.4" } }, "sha512-EEPTKXHP+zKGPkhRLv+HI0UEX8/o+65hqARxLy8Ov5rIxMBPNTjeZww00CIihrIQGEQBYg+0roO5qOnS/7boGA=="],

    "@types/node": ["@types/node@20.19.26", "", { "dependencies": { "undici-types": "~6.21.0" } }, "sha512-0l6cjgF0XnihUpndDhk+nyD3exio3iKaYROSgvh/qSevPXax3L8p5DBRFjbvalnwatGgHEQn2R88y2fA3g4irg=="],

    "asn1js": ["asn1js@3.0.7", "", { "dependencies": { "pvtsutils": "^1.3.6", "pvutils": "^1.1.3", "tslib": "^2.8.1" } }, "sha512-uLvq6KJu04qoQM6gvBfKFjlh6Gl0vOKQuR5cJMDHQkmwfMOQeN3F3SHCv9SNYSL+CRoHvOGFfllDlVz03GQjvQ=="],

    "bun-types": ["bun-types@1.3.4", "", { "dependencies": { "@types/node": "*" } }, "sha512-5ua817+BZPZOlNaRgGBpZJOSAQ9RQ17pkwPD0yR7CfJg+r8DgIILByFifDTa+IPDDxzf5VNhtNlcKqFzDgJvlQ=="],

    "cookie": ["cookie@1.1.1", "", {}, "sha512-ei8Aos7ja0weRpFzJnEA9UHJ/7XQmqglbRwnf2ATjcB9Wq874VKH9kfjjirM6UhU2/E5fFYadylyhFldcqSidQ=="],

    "debug": ["debug@4.4.3", "", { "dependencies": { "ms": "^2.1.3" } }, "sha512-RGwwWnwQvkVfavKVt22FGLw+xYSdzARwm0ru6DhTVA3umU5hZc28V3kO4stgYryrTlLpuvgI9GiijltAjNbcqA=="],

    "elysia": ["elysia@1.4.18", "", { "dependencies": { "cookie": "^1.1.1", "exact-mirror": "0.2.5", "fast-decode-uri-component": "^1.0.1", "memoirist": "^0.4.0" }, "peerDependencies": { "@sinclair/typebox": ">= 0.34.0 < 1", "@types/bun": ">= 1.2.0", "exact-mirror": ">= 0.0.9", "file-type": ">= 20.0.0", "openapi-types": ">= 12.0.0", "typescript": ">= 5.0.0" } }, "sha512-A6BhlipmSvgCy69SBgWADYZSdDIj3fT2gk8/9iMAC8iD+aGcnCr0fitziX0xr36MFDs/fsvVp8dWqxeq1VCgKg=="],

    "exact-mirror": ["exact-mirror@0.2.5", "", { "peerDependencies": { "@sinclair/typebox": "^0.34.15" } }, "sha512-u8Wu2lO8nio5lKSJubOydsdNtQmH8ENba5m0nbQYmTvsjksXKYIS1nSShdDlO8Uem+kbo+N6eD5I03cpZ+QsRQ=="],

    "fast-decode-uri-component": ["fast-decode-uri-component@1.0.1", "", {}, "sha512-WKgKWg5eUxvRZGwW8FvfbaH7AXSh2cL+3j5fMGzUMCxWBJ3dV3a7Wz8y2f/uQ0e3B6WmodD3oS54jTQ9HVTIIg=="],

    "file-type": ["file-type@21.1.1", "", { "dependencies": { "@tokenizer/inflate": "^0.4.1", "strtok3": "^10.3.4", "token-types": "^6.1.1", "uint8array-extras": "^1.4.0" } }, "sha512-ifJXo8zUqbQ/bLbl9sFoqHNTNWbnPY1COImFfM6CCy7z+E+jC1eY9YfOKkx0fckIg+VljAy2/87T61fp0+eEkg=="],

    "ieee754": ["ieee754@1.2.1", "", {}, "sha512-dcyqhDvX1C46lXZcVqCpK+FtMRQVdIMN6/Df5js2zouUsqG7I6sFxitIC+7KYK29KdXOLHdu9zL4sFnoVQnqaA=="],

    "memoirist": ["memoirist@0.4.0", "", {}, "sha512-zxTgA0mSYELa66DimuNQDvyLq36AwDlTuVRbnQtB+VuTcKWm5Qc4z3WkSpgsFWHNhexqkIooqpv4hdcqrX5Nmg=="],

    "ms": ["ms@2.1.3", "", {}, "sha512-6FlzubTLZG3J2a/NVCAleEhjzq5oxgHyaCU9yYXvcLsvoVaHJq/s5xXI6/XXP6tz7R9xAOtHnSO/tXtF3WRTlA=="],

    "openapi-types": ["openapi-types@12.1.3", "", {}, "sha512-N4YtSYJqghVu4iek2ZUvcN/0aqH1kRDuNqzcycDxhOUpg7GdvLa2F3DgS6yBNhInhv2r/6I0Flkn7CqL8+nIcw=="],

    "otplib": ["otplib@12.0.1", "", { "dependencies": { "@otplib/core": "^12.0.1", "@otplib/preset-default": "^12.0.1", "@otplib/preset-v11": "^12.0.1" } }, "sha512-xDGvUOQjop7RDgxTQ+o4pOol0/3xSZzawTiPKRrHnQWAy0WjhNs/5HdIDJCrqC4MBynmjXgULc6YfioaxZeFgg=="],

    "postgres": ["postgres@3.4.7", "", {}, "sha512-Jtc2612XINuBjIl/QTWsV5UvE8UHuNblcO3vVADSrKsrc6RqGX6lOW1cEo3CM2v0XG4Nat8nI+YM7/f26VxXLw=="],

    "pvtsutils": ["pvtsutils@1.3.6", "", { "dependencies": { "tslib": "^2.8.1" } }, "sha512-PLgQXQ6H2FWCaeRak8vvk1GW462lMxB5s3Jm673N82zI4vqtVUPuZdffdZbPDFRoU8kAhItWFtPCWiPpp4/EDg=="],

    "pvutils": ["pvutils@1.1.5", "", {}, "sha512-KTqnxsgGiQ6ZAzZCVlJH5eOjSnvlyEgx1m8bkRJfOhmGRqfo5KLvmAlACQkrjEtOQ4B7wF9TdSLIs9O90MX9xA=="],

    "reflect-metadata": ["reflect-metadata@0.2.2", "", {}, "sha512-urBwgfrvVP/eAyXx4hluJivBKzuEbSQs9rKWCrCkbSxNv8mxPcUZKeuoF3Uy4mJl3Lwprp6yy5/39VWigZ4K6Q=="],

    "strtok3": ["strtok3@10.3.4", "", { "dependencies": { "@tokenizer/token": "^0.3.0" } }, "sha512-KIy5nylvC5le1OdaaoCJ07L+8iQzJHGH6pWDuzS+d07Cu7n1MZ2x26P8ZKIWfbK02+XIL8Mp4RkWeqdUCrDMfg=="],

    "thirty-two": ["thirty-two@1.0.2", "", {}, "sha512-OEI0IWCe+Dw46019YLl6V10Us5bi574EvlJEOcAkB29IzQ/mYD1A6RyNHLjZPiHCmuodxvgF6U+vZO1L15lxVA=="],

    "token-types": ["token-types@6.1.1", "", { "dependencies": { "@borewit/text-codec": "^0.1.0", "@tokenizer/token": "^0.3.0", "ieee754": "^1.2.1" } }, "sha512-kh9LVIWH5CnL63Ipf0jhlBIy0UsrMj/NJDfpsy1SqOXlLKEVyXXYrnFxFT1yOOYVGBSApeVnjPw/sBz5BfEjAQ=="],

    "tslib": ["tslib@2.8.1", "", {}, "sha512-oJFu94HQb+KVduSUQL7wnpmqnfmLsOA/nAh6b6EH0wCEoK0/mPeXU6c3wKDV83MkOuHPRHtSXKKU99IBazS/2w=="],

    "tsyringe": ["tsyringe@4.10.0", "", { "dependencies": { "tslib": "^1.9.3" } }, "sha512-axr3IdNuVIxnaK5XGEUFTu3YmAQ6lllgrvqfEoR16g/HGnYY/6We4oWENtAnzK6/LpJ2ur9PAb80RBt7/U4ugw=="],

    "typescript": ["typescript@5.9.3", "", { "bin": { "tsc": "bin/tsc", "tsserver": "bin/tsserver" } }, "sha512-jl1vZzPDinLr9eUt3J/t7V6FgNEw9QjvBPdysz9KfQDD41fQrC2Y4vKQdiaUpFT4bXlb1RHhLpp8wtm6M5TgSw=="],

    "uint8array-extras": ["uint8array-extras@1.5.0", "", {}, "sha512-rvKSBiC5zqCCiDZ9kAOszZcDvdAHwwIKJG33Ykj43OKcWsnmcBRL09YTU4nOeHZ8Y2a7l1MgTd08SBe9A8Qj6A=="],

    "undici-types": ["undici-types@6.21.0", "", {}, "sha512-iwDZqg0QAGrg9Rav5H4n0M64c3mkR59cJ6wQp+7C4nI0gsmExaedaYLNO44eT4AtBBwjbTiGPMlt2Md0T9H9JQ=="],

    "tsyringe/tslib": ["tslib@1.14.1", "", {}, "sha512-Xni35NKzjgMrwevysHTCArtLDpPvye8zV/0E4EyYn43P7/7qvQwPh9BGkHewbMulVntbigmcT7rdX3BNo9wRJg=="],
  }
}
